
Microsoft Visual Studio Solution File, Format Version 12.00
# Visual Studio 14
VisualStudioVersion = 14.0.23107.0
MinimumVisualStudioVersion = 10.0.40219.1
Project("{FAE04EC0-301F-11D3-BF4B-00C04F79EFBC}") = "Entity", "Entity\Entity.csproj", "{ACF55C8D-2B8C-4C97-BD87-995A66F01CE6}"
EndProject
Project("{FAE04EC0-301F-11D3-BF4B-00C04F79EFBC}") = "Bishvilaych1", "Bishvilaych1\Bishvilaych1.csproj", "{843CA2C2-7226-4960-B12E-F2751FF93FB2}"
EndProject
Project("{FAE04EC0-301F-11D3-BF4B-00C04F79EFBC}") = "BussinessLayer", "BussinessLayer\BussinessLayer.csproj", "{190129EE-6886-43C8-83A8-C3787EF30EB9}"
EndProject
Project("{FAE04EC0-301F-11D3-BF4B-00C04F79EFBC}") = "DataAccessLayer", "DataAccessLayer\DataAccessLayer.csproj", "{18B134EF-C32C-4063-A0DC-4256267CD165}"
EndProject
Global
	GlobalSection(SolutionConfigurationPlatforms) = preSolution
		Debug|Any CPU = Debug|Any CPU
		Release|Any CPU = Release|Any CPU
	EndGlobalSection
	GlobalSection(ProjectConfigurationPlatforms) = postSolution
		{ACF55C8D-2B8C-4C97-BD87-995A66F01CE6}.Debug|Any CPU.ActiveCfg = Debug|Any CPU
		{ACF55C8D-2B8C-4C97-BD87-995A66F01CE6}.Debug|Any CPU.Build.0 = Debug|Any CPU
		{ACF55C8D-2B8C-4C97-BD87-995A66F01CE6}.Release|Any CPU.ActiveCfg = Release|Any CPU
		{ACF55C8D-2B8C-4C97-BD87-995A66F01CE6}.Release|Any CPU.Build.0 = Release|Any CPU
		{843CA2C2-7226-4960-B12E-F2751FF93FB2}.Debug|Any CPU.ActiveCfg = Debug|Any CPU
		{843CA2C2-7226-4960-B12E-F2751FF93FB2}.Debug|Any CPU.Build.0 = Debug|Any CPU
		{843CA2C2-7226-4960-B12E-F2751FF93FB2}.Release|Any CPU.ActiveCfg = Release|Any CPU
		{843CA2C2-7226-4960-B12E-F2751FF93FB2}.Release|Any CPU.Build.0 = Release|Any CPU
		{190129EE-6886-43C8-83A8-C3787EF30EB9}.Debug|Any CPU.ActiveCfg = Debug|Any CPU
		{190129EE-6886-43C8-83A8-C3787EF30EB9}.Debug|Any CPU.Build.0 = Debug|Any CPU
		{190129EE-6886-43C8-83A8-C3787EF30EB9}.Release|Any CPU.ActiveCfg = Release|Any CPU
		{190129EE-6886-43C8-83A8-C3787EF30EB9}.Release|Any CPU.Build.0 = Release|Any CPU
		{18B134EF-C32C-4063-A0DC-4256267CD165}.Debug|Any CPU.ActiveCfg = Debug|Any CPU
		{18B134EF-C32C-4063-A0DC-4256267CD165}.Debug|Any CPU.Build.0 = Debug|Any CPU
		{18B134EF-C32C-4063-A0DC-4256267CD165}.Release|Any CPU.ActiveCfg = Release|Any CPU
		{18B134EF-C32C-4063-A0DC-4256267CD165}.Release|Any CPU.Build.0 = Release|Any CPU
	EndGlobalSection
	GlobalSection(SolutionProperties) = preSolution
		HideSolutionNode = FALSE
	EndGlobalSection
	GlobalSection(TeamFoundationVersionControl) = preSolution
		SccNumberOfProjects = 5
		SccEnterpriseProvider = {4CA58AB2-18FA-4F8D-95D4-32DDF27D184C}
		SccTeamFoundationServer = http://server:8080/tfs/defaultcollection
		SccLocalPath0 = .
		SccProjectUniqueName1 = Entity\\Entity.csproj
		SccProjectName1 = Entity
		SccLocalPath1 = Entity
		SccProjectUniqueName2 = Bishvilaych1\\Bishvilaych1.csproj
		SccProjectName2 = Bishvilaych1
		SccLocalPath2 = Bishvilaych1
		SccProjectUniqueName3 = BussinessLayer\\BussinessLayer.csproj
		SccProjectName3 = BussinessLayer
		SccLocalPath3 = BussinessLayer
		SccProjectUniqueName4 = DataAccessLayer\\DataAccessLayer.csproj
		SccProjectName4 = DataAccessLayer
		SccLocalPath4 = DataAccessLayer
	EndGlobalSection
EndGlobal
